
Microsoft Visual Studio Solution File, Format Version 12.00
# Visual Studio Version 17
VisualStudioVersion = 17.8.34316.72
MinimumVisualStudioVersion = 10.0.40219.1
Project("{FAE04EC0-301F-11D3-BF4B-00C04F79EFBC}") = "Task-2 (accepting value of emoloyee name and disignation", "Task-2 (accepting value of emoloyee name and disignation.csproj", "{9FA00858-9549-40F4-AF38-17F81B22E48A}"
EndProject
Global
	GlobalSection(SolutionConfigurationPlatforms) = preSolution
		Debug|Any CPU = Debug|Any CPU
		Release|Any CPU = Release|Any CPU
	EndGlobalSection
	GlobalSection(ProjectConfigurationPlatforms) = postSolution
		{9FA00858-9549-40F4-AF38-17F81B22E48A}.Debug|Any CPU.ActiveCfg = Debug|Any CPU
		{9FA00858-9549-40F4-AF38-17F81B22E48A}.Debug|Any CPU.Build.0 = Debug|Any CPU
		{9FA00858-9549-40F4-AF38-17F81B22E48A}.Release|Any CPU.ActiveCfg = Release|Any CPU
		{9FA00858-9549-40F4-AF38-17F81B22E48A}.Release|Any CPU.Build.0 = Release|Any CPU
	EndGlobalSection
	GlobalSection(SolutionProperties) = preSolution
		HideSolutionNode = FALSE
	EndGlobalSection
	GlobalSection(ExtensibilityGlobals) = postSolution
		SolutionGuid = {720F18DF-C780-4BFD-B913-DB312DFF58F9}
	EndGlobalSection
EndGlobal
