
Microsoft Visual Studio Solution File, Format Version 12.00
# Visual Studio Version 17
VisualStudioVersion = 17.8.34316.72
MinimumVisualStudioVersion = 10.0.40219.1
Project("{FAE04EC0-301F-11D3-BF4B-00C04F79EFBC}") = "assignment on arrays", "assignment on arrays.csproj", "{4081CD3E-8FCE-4B3F-9403-97E11F620241}"
EndProject
Global
	GlobalSection(SolutionConfigurationPlatforms) = preSolution
		Debug|Any CPU = Debug|Any CPU
		Release|Any CPU = Release|Any CPU
	EndGlobalSection
	GlobalSection(ProjectConfigurationPlatforms) = postSolution
		{4081CD3E-8FCE-4B3F-9403-97E11F620241}.Debug|Any CPU.ActiveCfg = Debug|Any CPU
		{4081CD3E-8FCE-4B3F-9403-97E11F620241}.Debug|Any CPU.Build.0 = Debug|Any CPU
		{4081CD3E-8FCE-4B3F-9403-97E11F620241}.Release|Any CPU.ActiveCfg = Release|Any CPU
		{4081CD3E-8FCE-4B3F-9403-97E11F620241}.Release|Any CPU.Build.0 = Release|Any CPU
	EndGlobalSection
	GlobalSection(SolutionProperties) = preSolution
		HideSolutionNode = FALSE
	EndGlobalSection
	GlobalSection(ExtensibilityGlobals) = postSolution
		SolutionGuid = {487807FF-235E-4739-A7AF-EE5C6E3530F3}
	EndGlobalSection
EndGlobal
