
Microsoft Visual Studio Solution File, Format Version 12.00
# Visual Studio Version 17
VisualStudioVersion = 17.8.34316.72
MinimumVisualStudioVersion = 10.0.40219.1
Project("{FAE04EC0-301F-11D3-BF4B-00C04F79EFBC}") = "divide by 0 runtime handle by using simple if", "divide by 0 runtime handle by using simple if.csproj", "{56649744-EE82-48B5-80C6-7745E21975CB}"
EndProject
Global
	GlobalSection(SolutionConfigurationPlatforms) = preSolution
		Debug|Any CPU = Debug|Any CPU
		Release|Any CPU = Release|Any CPU
	EndGlobalSection
	GlobalSection(ProjectConfigurationPlatforms) = postSolution
		{56649744-EE82-48B5-80C6-7745E21975CB}.Debug|Any CPU.ActiveCfg = Debug|Any CPU
		{56649744-EE82-48B5-80C6-7745E21975CB}.Debug|Any CPU.Build.0 = Debug|Any CPU
		{56649744-EE82-48B5-80C6-7745E21975CB}.Release|Any CPU.ActiveCfg = Release|Any CPU
		{56649744-EE82-48B5-80C6-7745E21975CB}.Release|Any CPU.Build.0 = Release|Any CPU
	EndGlobalSection
	GlobalSection(SolutionProperties) = preSolution
		HideSolutionNode = FALSE
	EndGlobalSection
	GlobalSection(ExtensibilityGlobals) = postSolution
		SolutionGuid = {4F38FAD8-43BB-44BA-915A-4D7521DC3CB5}
	EndGlobalSection
EndGlobal
