
Microsoft Visual Studio Solution File, Format Version 12.00
# Visual Studio Version 17
VisualStudioVersion = 17.8.34316.72
MinimumVisualStudioVersion = 10.0.40219.1
Project("{FAE04EC0-301F-11D3-BF4B-00C04F79EFBC}") = "divide 2 numbers by using do while", "divide 2 numbers by using do while.csproj", "{20A7AC91-3073-4910-9FF1-4BDE6420BC49}"
EndProject
Global
	GlobalSection(SolutionConfigurationPlatforms) = preSolution
		Debug|Any CPU = Debug|Any CPU
		Release|Any CPU = Release|Any CPU
	EndGlobalSection
	GlobalSection(ProjectConfigurationPlatforms) = postSolution
		{20A7AC91-3073-4910-9FF1-4BDE6420BC49}.Debug|Any CPU.ActiveCfg = Debug|Any CPU
		{20A7AC91-3073-4910-9FF1-4BDE6420BC49}.Debug|Any CPU.Build.0 = Debug|Any CPU
		{20A7AC91-3073-4910-9FF1-4BDE6420BC49}.Release|Any CPU.ActiveCfg = Release|Any CPU
		{20A7AC91-3073-4910-9FF1-4BDE6420BC49}.Release|Any CPU.Build.0 = Release|Any CPU
	EndGlobalSection
	GlobalSection(SolutionProperties) = preSolution
		HideSolutionNode = FALSE
	EndGlobalSection
	GlobalSection(ExtensibilityGlobals) = postSolution
		SolutionGuid = {BBCE205F-C2B7-4FCB-926B-3AFA9B6619E3}
	EndGlobalSection
EndGlobal
