
Microsoft Visual Studio Solution File, Format Version 12.00
# Visual Studio Version 17
VisualStudioVersion = 17.8.34316.72
MinimumVisualStudioVersion = 10.0.40219.1
Project("{FAE04EC0-301F-11D3-BF4B-00C04F79EFBC}") = "video11-assignment-2", "video11-assignment-2.csproj", "{CF2300DF-AAAB-441B-9055-479670F41D19}"
EndProject
Global
	GlobalSection(SolutionConfigurationPlatforms) = preSolution
		Debug|Any CPU = Debug|Any CPU
		Release|Any CPU = Release|Any CPU
	EndGlobalSection
	GlobalSection(ProjectConfigurationPlatforms) = postSolution
		{CF2300DF-AAAB-441B-9055-479670F41D19}.Debug|Any CPU.ActiveCfg = Debug|Any CPU
		{CF2300DF-AAAB-441B-9055-479670F41D19}.Debug|Any CPU.Build.0 = Debug|Any CPU
		{CF2300DF-AAAB-441B-9055-479670F41D19}.Release|Any CPU.ActiveCfg = Release|Any CPU
		{CF2300DF-AAAB-441B-9055-479670F41D19}.Release|Any CPU.Build.0 = Release|Any CPU
	EndGlobalSection
	GlobalSection(SolutionProperties) = preSolution
		HideSolutionNode = FALSE
	EndGlobalSection
	GlobalSection(ExtensibilityGlobals) = postSolution
		SolutionGuid = {9227492E-E673-4C0F-8642-A41AA40B2049}
	EndGlobalSection
EndGlobal
