
Microsoft Visual Studio Solution File, Format Version 12.00
# Visual Studio Version 17
VisualStudioVersion = 17.8.34316.72
MinimumVisualStudioVersion = 10.0.40219.1
Project("{FAE04EC0-301F-11D3-BF4B-00C04F79EFBC}") = "printing number pattern", "printing number pattern.csproj", "{0CF16CA0-FCC9-451B-B6B6-E292AF97DBDE}"
EndProject
Global
	GlobalSection(SolutionConfigurationPlatforms) = preSolution
		Debug|Any CPU = Debug|Any CPU
		Release|Any CPU = Release|Any CPU
	EndGlobalSection
	GlobalSection(ProjectConfigurationPlatforms) = postSolution
		{0CF16CA0-FCC9-451B-B6B6-E292AF97DBDE}.Debug|Any CPU.ActiveCfg = Debug|Any CPU
		{0CF16CA0-FCC9-451B-B6B6-E292AF97DBDE}.Debug|Any CPU.Build.0 = Debug|Any CPU
		{0CF16CA0-FCC9-451B-B6B6-E292AF97DBDE}.Release|Any CPU.ActiveCfg = Release|Any CPU
		{0CF16CA0-FCC9-451B-B6B6-E292AF97DBDE}.Release|Any CPU.Build.0 = Release|Any CPU
	EndGlobalSection
	GlobalSection(SolutionProperties) = preSolution
		HideSolutionNode = FALSE
	EndGlobalSection
	GlobalSection(ExtensibilityGlobals) = postSolution
		SolutionGuid = {58173A76-21B0-4DD1-B41C-DCCA6B6B873E}
	EndGlobalSection
EndGlobal
