
Microsoft Visual Studio Solution File, Format Version 12.00
# Visual Studio Version 17
VisualStudioVersion = 17.8.34316.72
MinimumVisualStudioVersion = 10.0.40219.1
Project("{FAE04EC0-301F-11D3-BF4B-00C04F79EFBC}") = "video11-assignment-1", "video11-assignment-1.csproj", "{DFD18530-25C0-43C1-9D63-3517032635F4}"
EndProject
Global
	GlobalSection(SolutionConfigurationPlatforms) = preSolution
		Debug|Any CPU = Debug|Any CPU
		Release|Any CPU = Release|Any CPU
	EndGlobalSection
	GlobalSection(ProjectConfigurationPlatforms) = postSolution
		{DFD18530-25C0-43C1-9D63-3517032635F4}.Debug|Any CPU.ActiveCfg = Debug|Any CPU
		{DFD18530-25C0-43C1-9D63-3517032635F4}.Debug|Any CPU.Build.0 = Debug|Any CPU
		{DFD18530-25C0-43C1-9D63-3517032635F4}.Release|Any CPU.ActiveCfg = Release|Any CPU
		{DFD18530-25C0-43C1-9D63-3517032635F4}.Release|Any CPU.Build.0 = Release|Any CPU
	EndGlobalSection
	GlobalSection(SolutionProperties) = preSolution
		HideSolutionNode = FALSE
	EndGlobalSection
	GlobalSection(ExtensibilityGlobals) = postSolution
		SolutionGuid = {D606D9A2-646C-49C4-AFEF-F8F78576B15E}
	EndGlobalSection
EndGlobal
