
Microsoft Visual Studio Solution File, Format Version 12.00
# Visual Studio Version 17
VisualStudioVersion = 17.8.34316.72
MinimumVisualStudioVersion = 10.0.40219.1
Project("{FAE04EC0-301F-11D3-BF4B-00C04F79EFBC}") = "multi dinemsional arry different outputs", "multi dinemsional arry different outputs.csproj", "{D882A61A-13B1-4578-958D-2F3552148351}"
EndProject
Global
	GlobalSection(SolutionConfigurationPlatforms) = preSolution
		Debug|Any CPU = Debug|Any CPU
		Release|Any CPU = Release|Any CPU
	EndGlobalSection
	GlobalSection(ProjectConfigurationPlatforms) = postSolution
		{D882A61A-13B1-4578-958D-2F3552148351}.Debug|Any CPU.ActiveCfg = Debug|Any CPU
		{D882A61A-13B1-4578-958D-2F3552148351}.Debug|Any CPU.Build.0 = Debug|Any CPU
		{D882A61A-13B1-4578-958D-2F3552148351}.Release|Any CPU.ActiveCfg = Release|Any CPU
		{D882A61A-13B1-4578-958D-2F3552148351}.Release|Any CPU.Build.0 = Release|Any CPU
	EndGlobalSection
	GlobalSection(SolutionProperties) = preSolution
		HideSolutionNode = FALSE
	EndGlobalSection
	GlobalSection(ExtensibilityGlobals) = postSolution
		SolutionGuid = {504EAF6B-11D1-4B15-A14A-142E3527C518}
	EndGlobalSection
EndGlobal
