
Microsoft Visual Studio Solution File, Format Version 12.00
# Visual Studio Version 17
VisualStudioVersion = 17.8.34316.72
MinimumVisualStudioVersion = 10.0.40219.1
Project("{FAE04EC0-301F-11D3-BF4B-00C04F79EFBC}") = "Task-3 (Accept student details)", "Task-3 (Accept student details).csproj", "{1A832058-EC59-4D69-8578-38D9B2B41849}"
EndProject
Global
	GlobalSection(SolutionConfigurationPlatforms) = preSolution
		Debug|Any CPU = Debug|Any CPU
		Release|Any CPU = Release|Any CPU
	EndGlobalSection
	GlobalSection(ProjectConfigurationPlatforms) = postSolution
		{1A832058-EC59-4D69-8578-38D9B2B41849}.Debug|Any CPU.ActiveCfg = Debug|Any CPU
		{1A832058-EC59-4D69-8578-38D9B2B41849}.Debug|Any CPU.Build.0 = Debug|Any CPU
		{1A832058-EC59-4D69-8578-38D9B2B41849}.Release|Any CPU.ActiveCfg = Release|Any CPU
		{1A832058-EC59-4D69-8578-38D9B2B41849}.Release|Any CPU.Build.0 = Release|Any CPU
	EndGlobalSection
	GlobalSection(SolutionProperties) = preSolution
		HideSolutionNode = FALSE
	EndGlobalSection
	GlobalSection(ExtensibilityGlobals) = postSolution
		SolutionGuid = {9EAE970A-1922-4E59-8AD8-73C3C395EF6F}
	EndGlobalSection
EndGlobal
