
Microsoft Visual Studio Solution File, Format Version 12.00
# Visual Studio Version 17
VisualStudioVersion = 17.8.34316.72
MinimumVisualStudioVersion = 10.0.40219.1
Project("{FAE04EC0-301F-11D3-BF4B-00C04F79EFBC}") = "Task-2 (10% discount bill by using type casting)", "Task-2 (10% discount bill by using type casting).csproj", "{C36B9E4A-4C09-4436-82B4-759F52B6E8EE}"
EndProject
Global
	GlobalSection(SolutionConfigurationPlatforms) = preSolution
		Debug|Any CPU = Debug|Any CPU
		Release|Any CPU = Release|Any CPU
	EndGlobalSection
	GlobalSection(ProjectConfigurationPlatforms) = postSolution
		{C36B9E4A-4C09-4436-82B4-759F52B6E8EE}.Debug|Any CPU.ActiveCfg = Debug|Any CPU
		{C36B9E4A-4C09-4436-82B4-759F52B6E8EE}.Debug|Any CPU.Build.0 = Debug|Any CPU
		{C36B9E4A-4C09-4436-82B4-759F52B6E8EE}.Release|Any CPU.ActiveCfg = Release|Any CPU
		{C36B9E4A-4C09-4436-82B4-759F52B6E8EE}.Release|Any CPU.Build.0 = Release|Any CPU
	EndGlobalSection
	GlobalSection(SolutionProperties) = preSolution
		HideSolutionNode = FALSE
	EndGlobalSection
	GlobalSection(ExtensibilityGlobals) = postSolution
		SolutionGuid = {240D2EE3-A374-4B85-937C-B4D692074A16}
	EndGlobalSection
EndGlobal
