
Microsoft Visual Studio Solution File, Format Version 12.00
# Visual Studio Version 17
VisualStudioVersion = 17.8.34316.72
MinimumVisualStudioVersion = 10.0.40219.1
Project("{FAE04EC0-301F-11D3-BF4B-00C04F79EFBC}") = "compare three number by using nested if", "compare three number by using nested if.csproj", "{A6156320-2D7E-4141-9920-65A2F2340473}"
EndProject
Global
	GlobalSection(SolutionConfigurationPlatforms) = preSolution
		Debug|Any CPU = Debug|Any CPU
		Release|Any CPU = Release|Any CPU
	EndGlobalSection
	GlobalSection(ProjectConfigurationPlatforms) = postSolution
		{A6156320-2D7E-4141-9920-65A2F2340473}.Debug|Any CPU.ActiveCfg = Debug|Any CPU
		{A6156320-2D7E-4141-9920-65A2F2340473}.Debug|Any CPU.Build.0 = Debug|Any CPU
		{A6156320-2D7E-4141-9920-65A2F2340473}.Release|Any CPU.ActiveCfg = Release|Any CPU
		{A6156320-2D7E-4141-9920-65A2F2340473}.Release|Any CPU.Build.0 = Release|Any CPU
	EndGlobalSection
	GlobalSection(SolutionProperties) = preSolution
		HideSolutionNode = FALSE
	EndGlobalSection
	GlobalSection(ExtensibilityGlobals) = postSolution
		SolutionGuid = {48A9865B-53BC-448A-A761-0C2AD3F34102}
	EndGlobalSection
EndGlobal
